// !$*UTF8*$!
{
	archiveVersion = 1;
	classes = {
	};
	objectVersion = 50;
	objects = {

/* Begin PBXBuildFile section */
		33D07A4724AA5D8000E28D3C /* AppDelegate.swift in Sources */ = {isa = PBXBuildFile; fileRef = 33D07A4624AA5D8000E28D3C /* AppDelegate.swift */; };
		33D07A4924AA5D8000E28D3C /* SceneDelegate.swift in Sources */ = {isa = PBXBuildFile; fileRef = 33D07A4824AA5D8000E28D3C /* SceneDelegate.swift */; };
		33D07A4B24AA5D8000E28D3C /* ViewController.swift in Sources */ = {isa = PBXBuildFile; fileRef = 33D07A4A24AA5D8000E28D3C /* ViewController.swift */; };
		33D07A5124AA5D8000E28D3C /* CoreData_Transformable.xcdatamodeld in Sources */ = {isa = PBXBuildFile; fileRef = 33D07A4F24AA5D8000E28D3C /* CoreData_Transformable.xcdatamodeld */; };
		33D07A5324AA5D8200E28D3C /* Assets.xcassets in Resources */ = {isa = PBXBuildFile; fileRef = 33D07A5224AA5D8200E28D3C /* Assets.xcassets */; };
		33D07A5624AA5D8200E28D3C /* LaunchScreen.storyboard in Resources */ = {isa = PBXBuildFile; fileRef = 33D07A5424AA5D8200E28D3C /* LaunchScreen.storyboard */; };
		33D07A6824AA60CF00E28D3C /* CoreDataStack.swift in Sources */ = {isa = PBXBuildFile; fileRef = 33D07A6724AA60CF00E28D3C /* CoreDataStack.swift */; };
		33D07A6A24AA696C00E28D3C /* Main.storyboard in Resources */ = {isa = PBXBuildFile; fileRef = 33D07A6924AA696C00E28D3C /* Main.storyboard */; };
		33D07A7524AA956800E28D3C /* Person+CoreDataClass.swift in Sources */ = {isa = PBXBuildFile; fileRef = 33D07A7324AA956800E28D3C /* Person+CoreDataClass.swift */; };
		33D07A7624AA956800E28D3C /* Person+CoreDataProperties.swift in Sources */ = {isa = PBXBuildFile; fileRef = 33D07A7424AA956800E28D3C /* Person+CoreDataProperties.swift */; };
/* End PBXBuildFile section */

/* Begin PBXFileReference section */
		33D07A4324AA5D8000E28D3C /* CoreData-Transformable.app */ = {isa = PBXFileReference; explicitFileType = wrapper.application; includeInIndex = 0; path = "CoreData-Transformable.app"; sourceTree = BUILT_PRODUCTS_DIR; };
		33D07A4624AA5D8000E28D3C /* AppDelegate.swift */ = {isa = PBXFileReference; lastKnownFileType = sourcecode.swift; path = AppDelegate.swift; sourceTree = "<group>"; };
		33D07A4824AA5D8000E28D3C /* SceneDelegate.swift */ = {isa = PBXFileReference; lastKnownFileType = sourcecode.swift; path = SceneDelegate.swift; sourceTree = "<group>"; };
		33D07A4A24AA5D8000E28D3C /* ViewController.swift */ = {isa = PBXFileReference; lastKnownFileType = sourcecode.swift; path = ViewController.swift; sourceTree = "<group>"; };
		33D07A5024AA5D8000E28D3C /* CoreData_Transformable.xcdatamodel */ = {isa = PBXFileReference; lastKnownFileType = wrapper.xcdatamodel; path = CoreData_Transformable.xcdatamodel; sourceTree = "<group>"; };
		33D07A5224AA5D8200E28D3C /* Assets.xcassets */ = {isa = PBXFileReference; lastKnownFileType = folder.assetcatalog; path = Assets.xcassets; sourceTree = "<group>"; };
		33D07A5524AA5D8200E28D3C /* Base */ = {isa = PBXFileReference; lastKnownFileType = file.storyboard; name = Base; path = Base.lproj/LaunchScreen.storyboard; sourceTree = "<group>"; };
		33D07A5724AA5D8200E28D3C /* Info.plist */ = {isa = PBXFileReference; lastKnownFileType = text.plist.xml; path = Info.plist; sourceTree = "<group>"; };
		33D07A6724AA60CF00E28D3C /* CoreDataStack.swift */ = {isa = PBXFileReference; lastKnownFileType = sourcecode.swift; path = CoreDataStack.swift; sourceTree = "<group>"; };
		33D07A6924AA696C00E28D3C /* Main.storyboard */ = {isa = PBXFileReference; lastKnownFileType = file.storyboard; path = Main.storyboard; sourceTree = "<group>"; };
		33D07A7324AA956800E28D3C /* Person+CoreDataClass.swift */ = {isa = PBXFileReference; lastKnownFileType = sourcecode.swift; path = "Person+CoreDataClass.swift"; sourceTree = SOURCE_ROOT; };
		33D07A7424AA956800E28D3C /* Person+CoreDataProperties.swift */ = {isa = PBXFileReference; lastKnownFileType = sourcecode.swift; path = "Person+CoreDataProperties.swift"; sourceTree = SOURCE_ROOT; };
/* End PBXFileReference section */

/* Begin PBXFrameworksBuildPhase section */
		33D07A4024AA5D8000E28D3C /* Frameworks */ = {
			isa = PBXFrameworksBuildPhase;
			buildActionMask = 2147483647;
			files = (
			);
			runOnlyForDeploymentPostprocessing = 0;
		};
/* End PBXFrameworksBuildPhase section */

/* Begin PBXGroup section */
		33D07A3A24AA5D8000E28D3C = {
			isa = PBXGroup;
			children = (
				33D07A4524AA5D8000E28D3C /* CoreData-Transformable */,
				33D07A4424AA5D8000E28D3C /* Products */,
			);
			sourceTree = "<group>";
		};
		33D07A4424AA5D8000E28D3C /* Products */ = {
			isa = PBXGroup;
			children = (
				33D07A4324AA5D8000E28D3C /* CoreData-Transformable.app */,
			);
			name = Products;
			sourceTree = "<group>";
		};
		33D07A4524AA5D8000E28D3C /* CoreData-Transformable */ = {
			isa = PBXGroup;
			children = (
				33D07A4624AA5D8000E28D3C /* AppDelegate.swift */,
				33D07A6924AA696C00E28D3C /* Main.storyboard */,
				33D07A4824AA5D8000E28D3C /* SceneDelegate.swift */,
				33D07A4A24AA5D8000E28D3C /* ViewController.swift */,
				33D07A6624AA60BD00E28D3C /* CoreData */,
				33D07A5224AA5D8200E28D3C /* Assets.xcassets */,
				33D07A5424AA5D8200E28D3C /* LaunchScreen.storyboard */,
				33D07A5724AA5D8200E28D3C /* Info.plist */,
			);
			path = "CoreData-Transformable";
			sourceTree = "<group>";
		};
		33D07A6624AA60BD00E28D3C /* CoreData */ = {
			isa = PBXGroup;
			children = (
				33D07A7324AA956800E28D3C /* Person+CoreDataClass.swift */,
				33D07A7424AA956800E28D3C /* Person+CoreDataProperties.swift */,
				33D07A6724AA60CF00E28D3C /* CoreDataStack.swift */,
				33D07A4F24AA5D8000E28D3C /* CoreData_Transformable.xcdatamodeld */,
			);
			path = CoreData;
			sourceTree = "<group>";
		};
/* End PBXGroup section */

/* Begin PBXNativeTarget section */
		33D07A4224AA5D8000E28D3C /* CoreData-Transformable */ = {
			isa = PBXNativeTarget;
			buildConfigurationList = 33D07A5A24AA5D8200E28D3C /* Build configuration list for PBXNativeTarget "CoreData-Transformable" */;
			buildPhases = (
				33D07A3F24AA5D8000E28D3C /* Sources */,
				33D07A4024AA5D8000E28D3C /* Frameworks */,
				33D07A4124AA5D8000E28D3C /* Resources */,
			);
			buildRules = (
			);
			dependencies = (
			);
			name = "CoreData-Transformable";
			packageProductDependencies = (
			);
			productName = "CoreData-Transformable";
			productReference = 33D07A4324AA5D8000E28D3C /* CoreData-Transformable.app */;
			productType = "com.apple.product-type.application";
		};
/* End PBXNativeTarget section */

/* Begin PBXProject section */
		33D07A3B24AA5D8000E28D3C /* Project object */ = {
			isa = PBXProject;
			attributes = {
				LastSwiftUpdateCheck = 1150;
				LastUpgradeCheck = 1150;
				ORGANIZATIONNAME = SamuelFolledo;
				TargetAttributes = {
					33D07A4224AA5D8000E28D3C = {
						CreatedOnToolsVersion = 11.5;
					};
				};
			};
			buildConfigurationList = 33D07A3E24AA5D8000E28D3C /* Build configuration list for PBXProject "CoreData-Transformable" */;
			compatibilityVersion = "Xcode 9.3";
			developmentRegion = en;
			hasScannedForEncodings = 0;
			knownRegions = (
				en,
				Base,
			);
			mainGroup = 33D07A3A24AA5D8000E28D3C;
			packageReferences = (
			);
			productRefGroup = 33D07A4424AA5D8000E28D3C /* Products */;
			projectDirPath = "";
			projectRoot = "";
			targets = (
				33D07A4224AA5D8000E28D3C /* CoreData-Transformable */,
			);
		};
/* End PBXProject section */

/* Begin PBXResourcesBuildPhase section */
		33D07A4124AA5D8000E28D3C /* Resources */ = {
			isa = PBXResourcesBuildPhase;
			buildActionMask = 2147483647;
			files = (
				33D07A6A24AA696C00E28D3C /* Main.storyboard in Resources */,
				33D07A5624AA5D8200E28D3C /* LaunchScreen.storyboard in Resources */,
				33D07A5324AA5D8200E28D3C /* Assets.xcassets in Resources */,
			);
			runOnlyForDeploymentPostprocessing = 0;
		};
/* End PBXResourcesBuildPhase section */

/* Begin PBXSourcesBuildPhase section */
		33D07A3F24AA5D8000E28D3C /* Sources */ = {
			isa = PBXSourcesBuildPhase;
			buildActionMask = 2147483647;
			files = (
				33D07A7624AA956800E28D3C /* Person+CoreDataProperties.swift in Sources */,
				33D07A6824AA60CF00E28D3C /* CoreDataStack.swift in Sources */,
				33D07A4B24AA5D8000E28D3C /* ViewController.swift in Sources */,
				33D07A7524AA956800E28D3C /* Person+CoreDataClass.swift in Sources */,
				33D07A5124AA5D8000E28D3C /* CoreData_Transformable.xcdatamodeld in Sources */,
				33D07A4724AA5D8000E28D3C /* AppDelegate.swift in Sources */,
				33D07A4924AA5D8000E28D3C /* SceneDelegate.swift in Sources */,
			);
			runOnlyForDeploymentPostprocessing = 0;
		};
/* End PBXSourcesBuildPhase section */

/* Begin PBXVariantGroup section */
		33D07A5424AA5D8200E28D3C /* LaunchScreen.storyboard */ = {
			isa = PBXVariantGroup;
			children = (
				33D07A5524AA5D8200E28D3C /* Base */,
			);
			name = LaunchScreen.storyboard;
			sourceTree = "<group>";
		};
/* End PBXVariantGroup section */

/* Begin XCBuildConfiguration section */
		33D07A5824AA5D8200E28D3C /* Debug */ = {
			isa = XCBuildConfiguration;
			buildSettings = {
				ALWAYS_SEARCH_USER_PATHS = NO;
				CLANG_ANALYZER_NONNULL = YES;
				CLANG_ANALYZER_NUMBER_OBJECT_CONVERSION = YES_AGGRESSIVE;
				CLANG_CXX_LANGUAGE_STANDARD = "gnu++14";
				CLANG_CXX_LIBRARY = "libc++";
				CLANG_ENABLE_MODULES = YES;
				CLANG_ENABLE_OBJC_ARC = YES;
				CLANG_ENABLE_OBJC_WEAK = YES;
				CLANG_WARN_BLOCK_CAPTURE_AUTORELEASING = YES;
				CLANG_WARN_BOOL_CONVERSION = YES;
				CLANG_WARN_COMMA = YES;
				CLANG_WARN_CONSTANT_CONVERSION = YES;
				CLANG_WARN_DEPRECATED_OBJC_IMPLEMENTATIONS = YES;
				CLANG_WARN_DIRECT_OBJC_ISA_USAGE = YES_ERROR;
				CLANG_WARN_DOCUMENTATION_COMMENTS = YES;
				CLANG_WARN_EMPTY_BODY = YES;
				CLANG_WARN_ENUM_CONVERSION = YES;
				CLANG_WARN_INFINITE_RECURSION = YES;
				CLANG_WARN_INT_CONVERSION = YES;
				CLANG_WARN_NON_LITERAL_NULL_CONVERSION = YES;
				CLANG_WARN_OBJC_IMPLICIT_RETAIN_SELF = YES;
				CLANG_WARN_OBJC_LITERAL_CONVERSION = YES;
				CLANG_WARN_OBJC_ROOT_CLASS = YES_ERROR;
				CLANG_WARN_RANGE_LOOP_ANALYSIS = YES;
				CLANG_WARN_STRICT_PROTOTYPES = YES;
				CLANG_WARN_SUSPICIOUS_MOVE = YES;
				CLANG_WARN_UNGUARDED_AVAILABILITY = YES_AGGRESSIVE;
				CLANG_WARN_UNREACHABLE_CODE = YES;
				CLANG_WARN__DUPLICATE_METHOD_MATCH = YES;
				COPY_PHASE_STRIP = NO;
				DEBUG_INFORMATION_FORMAT = dwarf;
				ENABLE_STRICT_OBJC_MSGSEND = YES;
				ENABLE_TESTABILITY = YES;
				GCC_C_LANGUAGE_STANDARD = gnu11;
				GCC_DYNAMIC_NO_PIC = NO;
				GCC_NO_COMMON_BLOCKS = YES;
				GCC_OPTIMIZATION_LEVEL = 0;
				GCC_PREPROCESSOR_DEFINITIONS = (
					"DEBUG=1",
					"$(inherited)",
				);
				GCC_WARN_64_TO_32_BIT_CONVERSION = YES;
				GCC_WARN_ABOUT_RETURN_TYPE = YES_ERROR;
				GCC_WARN_UNDECLARED_SELECTOR = YES;
				GCC_WARN_UNINITIALIZED_AUTOS = YES_AGGRESSIVE;
				GCC_WARN_UNUSED_FUNCTION = YES;
				GCC_WARN_UNUSED_VARIABLE = YES;
				IPHONEOS_DEPLOYMENT_TARGET = 13.5;
				MTL_ENABLE_DEBUG_INFO = INCLUDE_SOURCE;
				MTL_FAST_MATH = YES;
				ONLY_ACTIVE_ARCH = YES;
				SDKROOT = iphoneos;
				SWIFT_ACTIVE_COMPILATION_CONDITIONS = DEBUG;
				SWIFT_OPTIMIZATION_LEVEL = "-Onone";
			};
			name = Debug;
		};
		33D07A5924AA5D8200E28D3C /* Release */ = {
			isa = XCBuildConfiguration;
			buildSettings = {
				ALWAYS_SEARCH_USER_PATHS = NO;
				CLANG_ANALYZER_NONNULL = YES;
				CLANG_ANALYZER_NUMBER_OBJECT_CONVERSION = YES_AGGRESSIVE;
				CLANG_CXX_LANGUAGE_STANDARD = "gnu++14";
				CLANG_CXX_LIBRARY = "libc++";
				CLANG_ENABLE_MODULES = YES;
				CLANG_ENABLE_OBJC_ARC = YES;
				CLANG_ENABLE_OBJC_WEAK = YES;
				CLANG_WARN_BLOCK_CAPTURE_AUTORELEASING = YES;
				CLANG_WARN_BOOL_CONVERSION = YES;
				CLANG_WARN_COMMA = YES;
				CLANG_WARN_CONSTANT_CONVERSION = YES;
				CLANG_WARN_DEPRECATED_OBJC_IMPLEMENTATIONS = YES;
				CLANG_WARN_DIRECT_OBJC_ISA_USAGE = YES_ERROR;
				CLANG_WARN_DOCUMENTATION_COMMENTS = YES;
				CLANG_WARN_EMPTY_BODY = YES;
				CLANG_WARN_ENUM_CONVERSION = YES;
				CLANG_WARN_INFINITE_RECURSION = YES;
				CLANG_WARN_INT_CONVERSION = YES;
				CLANG_WARN_NON_LITERAL_NULL_CONVERSION = YES;
				CLANG_WARN_OBJC_IMPLICIT_RETAIN_SELF = YES;
				CLANG_WARN_OBJC_LITERAL_CONVERSION = YES;
				CLANG_WARN_OBJC_ROOT_CLASS = YES_ERROR;
				CLANG_WARN_RANGE_LOOP_ANALYSIS = YES;
				CLANG_WARN_STRICT_PROTOTYPES = YES;
				CLANG_WARN_SUSPICIOUS_MOVE = YES;
				CLANG_WARN_UNGUARDED_AVAILABILITY = YES_AGGRESSIVE;
				CLANG_WARN_UNREACHABLE_CODE = YES;
				CLANG_WARN__DUPLICATE_METHOD_MATCH = YES;
				COPY_PHASE_STRIP = NO;
				DEBUG_INFORMATION_FORMAT = "dwarf-with-dsym";
				ENABLE_NS_ASSERTIONS = NO;
				ENABLE_STRICT_OBJC_MSGSEND = YES;
				GCC_C_LANGUAGE_STANDARD = gnu11;
				GCC_NO_COMMON_BLOCKS = YES;
				GCC_WARN_64_TO_32_BIT_CONVERSION = YES;
				GCC_WARN_ABOUT_RETURN_TYPE = YES_ERROR;
				GCC_WARN_UNDECLARED_SELECTOR = YES;
				GCC_WARN_UNINITIALIZED_AUTOS = YES_AGGRESSIVE;
				GCC_WARN_UNUSED_FUNCTION = YES;
				GCC_WARN_UNUSED_VARIABLE = YES;
				IPHONEOS_DEPLOYMENT_TARGET = 13.5;
				MTL_ENABLE_DEBUG_INFO = NO;
				MTL_FAST_MATH = YES;
				SDKROOT = iphoneos;
				SWIFT_COMPILATION_MODE = wholemodule;
				SWIFT_OPTIMIZATION_LEVEL = "-O";
				VALIDATE_PRODUCT = YES;
			};
			name = Release;
		};
		33D07A5B24AA5D8200E28D3C /* Debug */ = {
			isa = XCBuildConfiguration;
			buildSettings = {
				ASSETCATALOG_COMPILER_APPICON_NAME = AppIcon;
				CODE_SIGN_STYLE = Automatic;
				DEVELOPMENT_TEAM = 9NY68F4K3P;
				INFOPLIST_FILE = "CoreData-Transformable/Info.plist";
				LD_RUNPATH_SEARCH_PATHS = (
					"$(inherited)",
					"@executable_path/Frameworks",
				);
				PRODUCT_BUNDLE_IDENTIFIER = "SamuelFolledo.CoreData-Transformable";
				PRODUCT_NAME = "$(TARGET_NAME)";
				SWIFT_VERSION = 5.0;
				TARGETED_DEVICE_FAMILY = "1,2";
			};
			name = Debug;
		};
		33D07A5C24AA5D8200E28D3C /* Release */ = {
			isa = XCBuildConfiguration;
			buildSettings = {
				ASSETCATALOG_COMPILER_APPICON_NAME = AppIcon;
				CODE_SIGN_STYLE = Automatic;
				DEVELOPMENT_TEAM = 9NY68F4K3P;
				INFOPLIST_FILE = "CoreData-Transformable/Info.plist";
				LD_RUNPATH_SEARCH_PATHS = (
					"$(inherited)",
					"@executable_path/Frameworks",
				);
				PRODUCT_BUNDLE_IDENTIFIER = "SamuelFolledo.CoreData-Transformable";
				PRODUCT_NAME = "$(TARGET_NAME)";
				SWIFT_VERSION = 5.0;
				TARGETED_DEVICE_FAMILY = "1,2";
			};
			name = Release;
		};
/* End XCBuildConfiguration section */

/* Begin XCConfigurationList section */
		33D07A3E24AA5D8000E28D3C /* Build configuration list for PBXProject "CoreData-Transformable" */ = {
			isa = XCConfigurationList;
			buildConfigurations = (
				33D07A5824AA5D8200E28D3C /* Debug */,
				33D07A5924AA5D8200E28D3C /* Release */,
			);
			defaultConfigurationIsVisible = 0;
			defaultConfigurationName = Release;
		};
		33D07A5A24AA5D8200E28D3C /* Build configuration list for PBXNativeTarget "CoreData-Transformable" */ = {
			isa = XCConfigurationList;
			buildConfigurations = (
				33D07A5B24AA5D8200E28D3C /* Debug */,
				33D07A5C24AA5D8200E28D3C /* Release */,
			);
			defaultConfigurationIsVisible = 0;
			defaultConfigurationName = Release;
		};
/* End XCConfigurationList section */

/* Begin XCVersionGroup section */
		33D07A4F24AA5D8000E28D3C /* CoreData_Transformable.xcdatamodeld */ = {
			isa = XCVersionGroup;
			children = (
				33D07A5024AA5D8000E28D3C /* CoreData_Transformable.xcdatamodel */,
			);
			currentVersion = 33D07A5024AA5D8000E28D3C /* CoreData_Transformable.xcdatamodel */;
			path = CoreData_Transformable.xcdatamodeld;
			sourceTree = "<group>";
			versionGroupType = wrapper.xcdatamodel;
		};
/* End XCVersionGroup section */
	};
	rootObject = 33D07A3B24AA5D8000E28D3C /* Project object */;
}
